
Microsoft Visual Studio Solution File, Format Version 12.00
# Visual Studio Version 16
Project("{2150E333-8FDC-42A3-9474-1A3956D46DE8}") = "CMakePredefinedTargets", "CMakePredefinedTargets", "{78333FA2-C67F-3576-916B-A7491D2CD798}"
EndProject
Project("{2150E333-8FDC-42A3-9474-1A3956D46DE8}") = "ProjectModule", "ProjectModule", "{2FF7E8AB-D0D4-3281-981D-F3453DBEA162}"
EndProject
Project("{8BC9CEB8-8B4A-11D0-8D11-00A0C91BC942}") = "ALL_BUILD", "ALL_BUILD.vcxproj", "{6470EB8C-66AD-357F-9E4B-32B8C90F0DDA}"
	ProjectSection(ProjectDependencies) = postProject
		{CBEB2FC7-88FF-302D-BDA1-FAEA16A85536} = {CBEB2FC7-88FF-302D-BDA1-FAEA16A85536}
		{46987093-863A-36B2-9F6A-ABF93780549F} = {46987093-863A-36B2-9F6A-ABF93780549F}
	EndProjectSection
EndProject
Project("{8BC9CEB8-8B4A-11D0-8D11-00A0C91BC942}") = "INSTALL", "INSTALL.vcxproj", "{7CE4C028-8544-3253-9479-2F26F7744795}"
	ProjectSection(ProjectDependencies) = postProject
		{6470EB8C-66AD-357F-9E4B-32B8C90F0DDA} = {6470EB8C-66AD-357F-9E4B-32B8C90F0DDA}
		{CBEB2FC7-88FF-302D-BDA1-FAEA16A85536} = {CBEB2FC7-88FF-302D-BDA1-FAEA16A85536}
	EndProjectSection
EndProject
Project("{8BC9CEB8-8B4A-11D0-8D11-00A0C91BC942}") = "ZERO_CHECK", "..\\ZERO_CHECK.vcxproj", "{CBEB2FC7-88FF-302D-BDA1-FAEA16A85536}"
	ProjectSection(ProjectDependencies) = postProject
	EndProjectSection
EndProject
Project("{8BC9CEB8-8B4A-11D0-8D11-00A0C91BC942}") = "mod_general", "mod_general.vcxproj", "{46987093-863A-36B2-9F6A-ABF93780549F}"
	ProjectSection(ProjectDependencies) = postProject
		{CBEB2FC7-88FF-302D-BDA1-FAEA16A85536} = {CBEB2FC7-88FF-302D-BDA1-FAEA16A85536}
	EndProjectSection
EndProject
Global
	GlobalSection(SolutionConfigurationPlatforms) = preSolution
		Debug|x64 = Debug|x64
		Release|x64 = Release|x64
	EndGlobalSection
	GlobalSection(ProjectConfigurationPlatforms) = postSolution
		{6470EB8C-66AD-357F-9E4B-32B8C90F0DDA}.Debug|x64.ActiveCfg = Debug|x64
		{6470EB8C-66AD-357F-9E4B-32B8C90F0DDA}.Debug|x64.Build.0 = Debug|x64
		{6470EB8C-66AD-357F-9E4B-32B8C90F0DDA}.Release|x64.ActiveCfg = Release|x64
		{6470EB8C-66AD-357F-9E4B-32B8C90F0DDA}.Release|x64.Build.0 = Release|x64
		{7CE4C028-8544-3253-9479-2F26F7744795}.Debug|x64.ActiveCfg = Debug|x64
		{7CE4C028-8544-3253-9479-2F26F7744795}.Release|x64.ActiveCfg = Release|x64
		{CBEB2FC7-88FF-302D-BDA1-FAEA16A85536}.Debug|x64.ActiveCfg = Debug|x64
		{CBEB2FC7-88FF-302D-BDA1-FAEA16A85536}.Debug|x64.Build.0 = Debug|x64
		{CBEB2FC7-88FF-302D-BDA1-FAEA16A85536}.Release|x64.ActiveCfg = Release|x64
		{CBEB2FC7-88FF-302D-BDA1-FAEA16A85536}.Release|x64.Build.0 = Release|x64
		{46987093-863A-36B2-9F6A-ABF93780549F}.Debug|x64.ActiveCfg = Debug|x64
		{46987093-863A-36B2-9F6A-ABF93780549F}.Debug|x64.Build.0 = Debug|x64
		{46987093-863A-36B2-9F6A-ABF93780549F}.Release|x64.ActiveCfg = Release|x64
		{46987093-863A-36B2-9F6A-ABF93780549F}.Release|x64.Build.0 = Release|x64
	EndGlobalSection
	GlobalSection(NestedProjects) = preSolution
		{6470EB8C-66AD-357F-9E4B-32B8C90F0DDA} = {78333FA2-C67F-3576-916B-A7491D2CD798}
		{7CE4C028-8544-3253-9479-2F26F7744795} = {78333FA2-C67F-3576-916B-A7491D2CD798}
		{CBEB2FC7-88FF-302D-BDA1-FAEA16A85536} = {78333FA2-C67F-3576-916B-A7491D2CD798}
		{46987093-863A-36B2-9F6A-ABF93780549F} = {2FF7E8AB-D0D4-3281-981D-F3453DBEA162}
	EndGlobalSection
	GlobalSection(ExtensibilityGlobals) = postSolution
		SolutionGuid = {2D64AC5A-4270-3278-9E29-D6ACF938CE8A}
	EndGlobalSection
	GlobalSection(ExtensibilityAddIns) = postSolution
	EndGlobalSection
EndGlobal
